// !$*UTF8*$!
{
	archiveVersion = 1;
	classes = {
	};
	objectVersion = 51;
	objects = {

/* Begin PBXBuildFile section */
		38A049B02568FBFB00591FBB /* AppDelegate.swift in Sources */ = {isa = PBXBuildFile; fileRef = 38A049AF2568FBFB00591FBB /* AppDelegate.swift */; };
		38A049B22568FBFB00591FBB /* SceneDelegate.swift in Sources */ = {isa = PBXBuildFile; fileRef = 38A049B12568FBFB00591FBB /* SceneDelegate.swift */; };
		38A049B42568FBFB00591FBB /* ContentView.swift in Sources */ = {isa = PBXBuildFile; fileRef = 38A049B32568FBFB00591FBB /* ContentView.swift */; };
		38A049B62568FBFC00591FBB /* Assets.xcassets in Resources */ = {isa = PBXBuildFile; fileRef = 38A049B52568FBFC00591FBB /* Assets.xcassets */; };
		38A049B92568FBFC00591FBB /* Preview Assets.xcassets in Resources */ = {isa = PBXBuildFile; fileRef = 38A049B82568FBFC00591FBB /* Preview Assets.xcassets */; };
		38A049BC2568FBFC00591FBB /* LaunchScreen.storyboard in Resources */ = {isa = PBXBuildFile; fileRef = 38A049BA2568FBFC00591FBB /* LaunchScreen.storyboard */; };
		38A049C52568FCB500591FBB /* GoogleService-Info.plist in Resources */ = {isa = PBXBuildFile; fileRef = 38A049C42568FCB500591FBB /* GoogleService-Info.plist */; };
		38A049DC2569086200591FBB /* feed.json in Resources */ = {isa = PBXBuildFile; fileRef = 38A049DB2569086200591FBB /* feed.json */; };
		38A049E02569088200591FBB /* FeedRow.swift in Sources */ = {isa = PBXBuildFile; fileRef = 38A049DF2569088200591FBB /* FeedRow.swift */; };
		38A049E5256908AD00591FBB /* Feed.swift in Sources */ = {isa = PBXBuildFile; fileRef = 38A049E4256908AD00591FBB /* Feed.swift */; };
		38A049E9256908C500591FBB /* Profile.swift in Sources */ = {isa = PBXBuildFile; fileRef = 38A049E8256908C500591FBB /* Profile.swift */; };
		38A049EC256908DC00591FBB /* Data.swift in Sources */ = {isa = PBXBuildFile; fileRef = 38A049EB256908DC00591FBB /* Data.swift */; };
		38A049EF2569091600591FBB /* FeedList.swift in Sources */ = {isa = PBXBuildFile; fileRef = 38A049EE2569091600591FBB /* FeedList.swift */; };
		38A049F22569093000591FBB /* UserInputRow.swift in Sources */ = {isa = PBXBuildFile; fileRef = 38A049F12569093000591FBB /* UserInputRow.swift */; };
		38A049F52569094600591FBB /* NewPostView.swift in Sources */ = {isa = PBXBuildFile; fileRef = 38A049F42569094600591FBB /* NewPostView.swift */; };
		38A049F82569095E00591FBB /* ImagePicker.swift in Sources */ = {isa = PBXBuildFile; fileRef = 38A049F72569095E00591FBB /* ImagePicker.swift */; };
		38A049FB2569097600591FBB /* EditPostView.swift in Sources */ = {isa = PBXBuildFile; fileRef = 38A049FA2569097600591FBB /* EditPostView.swift */; };
		38A049FF2569099A00591FBB /* ImageLoader.swift in Sources */ = {isa = PBXBuildFile; fileRef = 38A049FE2569099A00591FBB /* ImageLoader.swift */; };
		38A04A03256909AF00591FBB /* PostState.swift in Sources */ = {isa = PBXBuildFile; fileRef = 38A04A02256909AF00591FBB /* PostState.swift */; };
		4B5EE09E9F40C0538FE99B2A /* Pods_Catstagram.framework in Frameworks */ = {isa = PBXBuildFile; fileRef = AFBE4C8667E70441D8E109BF /* Pods_Catstagram.framework */; };
/* End PBXBuildFile section */

/* Begin PBXFileReference section */
		38A049AC2568FBFB00591FBB /* Catstagram.app */ = {isa = PBXFileReference; explicitFileType = wrapper.application; includeInIndex = 0; path = Catstagram.app; sourceTree = BUILT_PRODUCTS_DIR; };
		38A049AF2568FBFB00591FBB /* AppDelegate.swift */ = {isa = PBXFileReference; lastKnownFileType = sourcecode.swift; path = AppDelegate.swift; sourceTree = "<group>"; };
		38A049B12568FBFB00591FBB /* SceneDelegate.swift */ = {isa = PBXFileReference; lastKnownFileType = sourcecode.swift; path = SceneDelegate.swift; sourceTree = "<group>"; };
		38A049B32568FBFB00591FBB /* ContentView.swift */ = {isa = PBXFileReference; lastKnownFileType = sourcecode.swift; path = ContentView.swift; sourceTree = "<group>"; };
		38A049B52568FBFC00591FBB /* Assets.xcassets */ = {isa = PBXFileReference; lastKnownFileType = folder.assetcatalog; path = Assets.xcassets; sourceTree = "<group>"; };
		38A049B82568FBFC00591FBB /* Preview Assets.xcassets */ = {isa = PBXFileReference; lastKnownFileType = folder.assetcatalog; path = "Preview Assets.xcassets"; sourceTree = "<group>"; };
		38A049BB2568FBFC00591FBB /* Base */ = {isa = PBXFileReference; lastKnownFileType = file.storyboard; name = Base; path = Base.lproj/LaunchScreen.storyboard; sourceTree = "<group>"; };
		38A049BD2568FBFC00591FBB /* Info.plist */ = {isa = PBXFileReference; lastKnownFileType = text.plist.xml; path = Info.plist; sourceTree = "<group>"; };
		38A049C42568FCB500591FBB /* GoogleService-Info.plist */ = {isa = PBXFileReference; fileEncoding = 4; lastKnownFileType = text.plist.xml; path = "GoogleService-Info.plist"; sourceTree = "<group>"; };
		38A049DB2569086200591FBB /* feed.json */ = {isa = PBXFileReference; fileEncoding = 4; lastKnownFileType = text.json; path = feed.json; sourceTree = "<group>"; };
		38A049DF2569088200591FBB /* FeedRow.swift */ = {isa = PBXFileReference; lastKnownFileType = sourcecode.swift; path = FeedRow.swift; sourceTree = "<group>"; };
		38A049E4256908AD00591FBB /* Feed.swift */ = {isa = PBXFileReference; lastKnownFileType = sourcecode.swift; path = Feed.swift; sourceTree = "<group>"; };
		38A049E8256908C500591FBB /* Profile.swift */ = {isa = PBXFileReference; lastKnownFileType = sourcecode.swift; path = Profile.swift; sourceTree = "<group>"; };
		38A049EB256908DC00591FBB /* Data.swift */ = {isa = PBXFileReference; lastKnownFileType = sourcecode.swift; path = Data.swift; sourceTree = "<group>"; };
		38A049EE2569091600591FBB /* FeedList.swift */ = {isa = PBXFileReference; lastKnownFileType = sourcecode.swift; path = FeedList.swift; sourceTree = "<group>"; };
		38A049F12569093000591FBB /* UserInputRow.swift */ = {isa = PBXFileReference; lastKnownFileType = sourcecode.swift; path = UserInputRow.swift; sourceTree = "<group>"; };
		38A049F42569094600591FBB /* NewPostView.swift */ = {isa = PBXFileReference; lastKnownFileType = sourcecode.swift; path = NewPostView.swift; sourceTree = "<group>"; };
		38A049F72569095E00591FBB /* ImagePicker.swift */ = {isa = PBXFileReference; lastKnownFileType = sourcecode.swift; path = ImagePicker.swift; sourceTree = "<group>"; };
		38A049FA2569097600591FBB /* EditPostView.swift */ = {isa = PBXFileReference; lastKnownFileType = sourcecode.swift; path = EditPostView.swift; sourceTree = "<group>"; };
		38A049FE2569099A00591FBB /* ImageLoader.swift */ = {isa = PBXFileReference; lastKnownFileType = sourcecode.swift; path = ImageLoader.swift; sourceTree = "<group>"; };
		38A04A02256909AF00591FBB /* PostState.swift */ = {isa = PBXFileReference; lastKnownFileType = sourcecode.swift; path = PostState.swift; sourceTree = "<group>"; };
		58A8E2154B147F10ECD7B737 /* Pods-Catstagram.release.xcconfig */ = {isa = PBXFileReference; includeInIndex = 1; lastKnownFileType = text.xcconfig; name = "Pods-Catstagram.release.xcconfig"; path = "Target Support Files/Pods-Catstagram/Pods-Catstagram.release.xcconfig"; sourceTree = "<group>"; };
		AFBE4C8667E70441D8E109BF /* Pods_Catstagram.framework */ = {isa = PBXFileReference; explicitFileType = wrapper.framework; includeInIndex = 0; path = Pods_Catstagram.framework; sourceTree = BUILT_PRODUCTS_DIR; };
		F8467E6F709DBB5F9EC846A2 /* Pods-Catstagram.debug.xcconfig */ = {isa = PBXFileReference; includeInIndex = 1; lastKnownFileType = text.xcconfig; name = "Pods-Catstagram.debug.xcconfig"; path = "Target Support Files/Pods-Catstagram/Pods-Catstagram.debug.xcconfig"; sourceTree = "<group>"; };
/* End PBXFileReference section */

/* Begin PBXFrameworksBuildPhase section */
		38A049A92568FBFB00591FBB /* Frameworks */ = {
			isa = PBXFrameworksBuildPhase;
			buildActionMask = 2147483647;
			files = (
				4B5EE09E9F40C0538FE99B2A /* Pods_Catstagram.framework in Frameworks */,
			);
			runOnlyForDeploymentPostprocessing = 0;
		};
/* End PBXFrameworksBuildPhase section */

/* Begin PBXGroup section */
		38A049A32568FBFB00591FBB = {
			isa = PBXGroup;
			children = (
				38A049AE2568FBFB00591FBB /* Catstagram */,
				38A049AD2568FBFB00591FBB /* Products */,
				69978909236678373DC67316 /* Pods */,
				D5C764AB4FE5D8AC51627374 /* Frameworks */,
			);
			sourceTree = "<group>";
		};
		38A049AD2568FBFB00591FBB /* Products */ = {
			isa = PBXGroup;
			children = (
				38A049AC2568FBFB00591FBB /* Catstagram.app */,
			);
			name = Products;
			sourceTree = "<group>";
		};
		38A049AE2568FBFB00591FBB /* Catstagram */ = {
			isa = PBXGroup;
			children = (
				38A049FD2569098900591FBB /* Bindings */,
				38A049E32569089F00591FBB /* Models */,
				38A049DE2569087000591FBB /* Views */,
				38A049DA2569076100591FBB /* Resources */,
				38A049AF2568FBFB00591FBB /* AppDelegate.swift */,
				38A049B12568FBFB00591FBB /* SceneDelegate.swift */,
				38A049B32568FBFB00591FBB /* ContentView.swift */,
				38A049B52568FBFC00591FBB /* Assets.xcassets */,
				38A049BA2568FBFC00591FBB /* LaunchScreen.storyboard */,
				38A049BD2568FBFC00591FBB /* Info.plist */,
				38A049C42568FCB500591FBB /* GoogleService-Info.plist */,
				38A049B72568FBFC00591FBB /* Preview Content */,
			);
			path = Catstagram;
			sourceTree = "<group>";
		};
		38A049B72568FBFC00591FBB /* Preview Content */ = {
			isa = PBXGroup;
			children = (
				38A049B82568FBFC00591FBB /* Preview Assets.xcassets */,
			);
			path = "Preview Content";
			sourceTree = "<group>";
		};
		38A049DA2569076100591FBB /* Resources */ = {
			isa = PBXGroup;
			children = (
				38A049DB2569086200591FBB /* feed.json */,
			);
			path = Resources;
			sourceTree = "<group>";
		};
		38A049DE2569087000591FBB /* Views */ = {
			isa = PBXGroup;
			children = (
				38A049DF2569088200591FBB /* FeedRow.swift */,
				38A049EE2569091600591FBB /* FeedList.swift */,
				38A049F12569093000591FBB /* UserInputRow.swift */,
				38A049F42569094600591FBB /* NewPostView.swift */,
				38A049F72569095E00591FBB /* ImagePicker.swift */,
				38A049FA2569097600591FBB /* EditPostView.swift */,
			);
			path = Views;
			sourceTree = "<group>";
		};
		38A049E32569089F00591FBB /* Models */ = {
			isa = PBXGroup;
			children = (
				38A049E4256908AD00591FBB /* Feed.swift */,
				38A049E8256908C500591FBB /* Profile.swift */,
				38A049EB256908DC00591FBB /* Data.swift */,
			);
			path = Models;
			sourceTree = "<group>";
		};
		38A049FD2569098900591FBB /* Bindings */ = {
			isa = PBXGroup;
			children = (
				38A049FE2569099A00591FBB /* ImageLoader.swift */,
				38A04A02256909AF00591FBB /* PostState.swift */,
			);
			path = Bindings;
			sourceTree = "<group>";
		};
		69978909236678373DC67316 /* Pods */ = {
			isa = PBXGroup;
			children = (
				F8467E6F709DBB5F9EC846A2 /* Pods-Catstagram.debug.xcconfig */,
				58A8E2154B147F10ECD7B737 /* Pods-Catstagram.release.xcconfig */,
			);
			path = Pods;
			sourceTree = "<group>";
		};
		D5C764AB4FE5D8AC51627374 /* Frameworks */ = {
			isa = PBXGroup;
			children = (
				AFBE4C8667E70441D8E109BF /* Pods_Catstagram.framework */,
			);
			name = Frameworks;
			sourceTree = "<group>";
		};
/* End PBXGroup section */

/* Begin PBXNativeTarget section */
		38A049AB2568FBFB00591FBB /* Catstagram */ = {
			isa = PBXNativeTarget;
			buildConfigurationList = 38A049C02568FBFC00591FBB /* Build configuration list for PBXNativeTarget "Catstagram" */;
			buildPhases = (
				B6A39431E87DEB293B9C8E62 /* [CP] Check Pods Manifest.lock */,
				38A049A82568FBFB00591FBB /* Sources */,
				38A049A92568FBFB00591FBB /* Frameworks */,
				38A049AA2568FBFB00591FBB /* Resources */,
				D7ECBB5B60425C86B98512CD /* [CP] Embed Pods Frameworks */,
			);
			buildRules = (
			);
			dependencies = (
			);
			name = Catstagram;
			productName = Catstagram;
			productReference = 38A049AC2568FBFB00591FBB /* Catstagram.app */;
			productType = "com.apple.product-type.application";
		};
/* End PBXNativeTarget section */

/* Begin PBXProject section */
		38A049A42568FBFB00591FBB /* Project object */ = {
			isa = PBXProject;
			attributes = {
				LastSwiftUpdateCheck = 1200;
				LastUpgradeCheck = 1200;
				TargetAttributes = {
					38A049AB2568FBFB00591FBB = {
						CreatedOnToolsVersion = 12.0.1;
					};
				};
			};
			buildConfigurationList = 38A049A72568FBFB00591FBB /* Build configuration list for PBXProject "Catstagram" */;
			compatibilityVersion = "Xcode 9.3";
			developmentRegion = en;
			hasScannedForEncodings = 0;
			knownRegions = (
				en,
				Base,
			);
			mainGroup = 38A049A32568FBFB00591FBB;
			productRefGroup = 38A049AD2568FBFB00591FBB /* Products */;
			projectDirPath = "";
			projectRoot = "";
			targets = (
				38A049AB2568FBFB00591FBB /* Catstagram */,
			);
		};
/* End PBXProject section */

/* Begin PBXResourcesBuildPhase section */
		38A049AA2568FBFB00591FBB /* Resources */ = {
			isa = PBXResourcesBuildPhase;
			buildActionMask = 2147483647;
			files = (
				38A049C52568FCB500591FBB /* GoogleService-Info.plist in Resources */,
				38A049BC2568FBFC00591FBB /* LaunchScreen.storyboard in Resources */,
				38A049DC2569086200591FBB /* feed.json in Resources */,
				38A049B92568FBFC00591FBB /* Preview Assets.xcassets in Resources */,
				38A049B62568FBFC00591FBB /* Assets.xcassets in Resources */,
			);
			runOnlyForDeploymentPostprocessing = 0;
		};
/* End PBXResourcesBuildPhase section */

/* Begin PBXShellScriptBuildPhase section */
		B6A39431E87DEB293B9C8E62 /* [CP] Check Pods Manifest.lock */ = {
			isa = PBXShellScriptBuildPhase;
			buildActionMask = 2147483647;
			files = (
			);
			inputFileListPaths = (
			);
			inputPaths = (
				"${PODS_PODFILE_DIR_PATH}/Podfile.lock",
				"${PODS_ROOT}/Manifest.lock",
			);
			name = "[CP] Check Pods Manifest.lock";
			outputFileListPaths = (
			);
			outputPaths = (
				"$(DERIVED_FILE_DIR)/Pods-Catstagram-checkManifestLockResult.txt",
			);
			runOnlyForDeploymentPostprocessing = 0;
			shellPath = /bin/sh;
			shellScript = "diff \"${PODS_PODFILE_DIR_PATH}/Podfile.lock\" \"${PODS_ROOT}/Manifest.lock\" > /dev/null\nif [ $? != 0 ] ; then\n    # print error to STDERR\n    echo \"error: The sandbox is not in sync with the Podfile.lock. Run 'pod install' or update your CocoaPods installation.\" >&2\n    exit 1\nfi\n# This output is used by Xcode 'outputs' to avoid re-running this script phase.\necho \"SUCCESS\" > \"${SCRIPT_OUTPUT_FILE_0}\"\n";
			showEnvVarsInLog = 0;
		};
		D7ECBB5B60425C86B98512CD /* [CP] Embed Pods Frameworks */ = {
			isa = PBXShellScriptBuildPhase;
			buildActionMask = 2147483647;
			files = (
			);
			inputFileListPaths = (
				"${PODS_ROOT}/Target Support Files/Pods-Catstagram/Pods-Catstagram-frameworks-${CONFIGURATION}-input-files.xcfilelist",
			);
			name = "[CP] Embed Pods Frameworks";
			outputFileListPaths = (
				"${PODS_ROOT}/Target Support Files/Pods-Catstagram/Pods-Catstagram-frameworks-${CONFIGURATION}-output-files.xcfilelist",
			);
			runOnlyForDeploymentPostprocessing = 0;
			shellPath = /bin/sh;
			shellScript = "\"${PODS_ROOT}/Target Support Files/Pods-Catstagram/Pods-Catstagram-frameworks.sh\"\n";
			showEnvVarsInLog = 0;
		};
/* End PBXShellScriptBuildPhase section */

/* Begin PBXSourcesBuildPhase section */
		38A049A82568FBFB00591FBB /* Sources */ = {
			isa = PBXSourcesBuildPhase;
			buildActionMask = 2147483647;
			files = (
				38A049FF2569099A00591FBB /* ImageLoader.swift in Sources */,
				38A049E02569088200591FBB /* FeedRow.swift in Sources */,
				38A049E5256908AD00591FBB /* Feed.swift in Sources */,
				38A049F22569093000591FBB /* UserInputRow.swift in Sources */,
				38A049B02568FBFB00591FBB /* AppDelegate.swift in Sources */,
				38A049E9256908C500591FBB /* Profile.swift in Sources */,
				38A049F52569094600591FBB /* NewPostView.swift in Sources */,
				38A049EF2569091600591FBB /* FeedList.swift in Sources */,
				38A04A03256909AF00591FBB /* PostState.swift in Sources */,
				38A049FB2569097600591FBB /* EditPostView.swift in Sources */,
				38A049B22568FBFB00591FBB /* SceneDelegate.swift in Sources */,
				38A049F82569095E00591FBB /* ImagePicker.swift in Sources */,
				38A049B42568FBFB00591FBB /* ContentView.swift in Sources */,
				38A049EC256908DC00591FBB /* Data.swift in Sources */,
			);
			runOnlyForDeploymentPostprocessing = 0;
		};
/* End PBXSourcesBuildPhase section */

/* Begin PBXVariantGroup section */
		38A049BA2568FBFC00591FBB /* LaunchScreen.storyboard */ = {
			isa = PBXVariantGroup;
			children = (
				38A049BB2568FBFC00591FBB /* Base */,
			);
			name = LaunchScreen.storyboard;
			sourceTree = "<group>";
		};
/* End PBXVariantGroup section */

/* Begin XCBuildConfiguration section */
		38A049BE2568FBFC00591FBB /* Debug */ = {
			isa = XCBuildConfiguration;
			buildSettings = {
				ALWAYS_SEARCH_USER_PATHS = NO;
				CLANG_ANALYZER_NONNULL = YES;
				CLANG_ANALYZER_NUMBER_OBJECT_CONVERSION = YES_AGGRESSIVE;
				CLANG_CXX_LANGUAGE_STANDARD = "gnu++14";
				CLANG_CXX_LIBRARY = "libc++";
				CLANG_ENABLE_MODULES = YES;
				CLANG_ENABLE_OBJC_ARC = YES;
				CLANG_ENABLE_OBJC_WEAK = YES;
				CLANG_WARN_BLOCK_CAPTURE_AUTORELEASING = YES;
				CLANG_WARN_BOOL_CONVERSION = YES;
				CLANG_WARN_COMMA = YES;
				CLANG_WARN_CONSTANT_CONVERSION = YES;
				CLANG_WARN_DEPRECATED_OBJC_IMPLEMENTATIONS = YES;
				CLANG_WARN_DIRECT_OBJC_ISA_USAGE = YES_ERROR;
				CLANG_WARN_DOCUMENTATION_COMMENTS = YES;
				CLANG_WARN_EMPTY_BODY = YES;
				CLANG_WARN_ENUM_CONVERSION = YES;
				CLANG_WARN_INFINITE_RECURSION = YES;
				CLANG_WARN_INT_CONVERSION = YES;
				CLANG_WARN_NON_LITERAL_NULL_CONVERSION = YES;
				CLANG_WARN_OBJC_IMPLICIT_RETAIN_SELF = YES;
				CLANG_WARN_OBJC_LITERAL_CONVERSION = YES;
				CLANG_WARN_OBJC_ROOT_CLASS = YES_ERROR;
				CLANG_WARN_QUOTED_INCLUDE_IN_FRAMEWORK_HEADER = YES;
				CLANG_WARN_RANGE_LOOP_ANALYSIS = YES;
				CLANG_WARN_STRICT_PROTOTYPES = YES;
				CLANG_WARN_SUSPICIOUS_MOVE = YES;
				CLANG_WARN_UNGUARDED_AVAILABILITY = YES_AGGRESSIVE;
				CLANG_WARN_UNREACHABLE_CODE = YES;
				CLANG_WARN__DUPLICATE_METHOD_MATCH = YES;
				COPY_PHASE_STRIP = NO;
				DEBUG_INFORMATION_FORMAT = dwarf;
				ENABLE_STRICT_OBJC_MSGSEND = YES;
				ENABLE_TESTABILITY = YES;
				GCC_C_LANGUAGE_STANDARD = gnu11;
				GCC_DYNAMIC_NO_PIC = NO;
				GCC_NO_COMMON_BLOCKS = YES;
				GCC_OPTIMIZATION_LEVEL = 0;
				GCC_PREPROCESSOR_DEFINITIONS = (
					"DEBUG=1",
					"$(inherited)",
				);
				GCC_WARN_64_TO_32_BIT_CONVERSION = YES;
				GCC_WARN_ABOUT_RETURN_TYPE = YES_ERROR;
				GCC_WARN_UNDECLARED_SELECTOR = YES;
				GCC_WARN_UNINITIALIZED_AUTOS = YES_AGGRESSIVE;
				GCC_WARN_UNUSED_FUNCTION = YES;
				GCC_WARN_UNUSED_VARIABLE = YES;
				IPHONEOS_DEPLOYMENT_TARGET = 14.0;
				MTL_ENABLE_DEBUG_INFO = INCLUDE_SOURCE;
				MTL_FAST_MATH = YES;
				ONLY_ACTIVE_ARCH = YES;
				SDKROOT = iphoneos;
				SWIFT_ACTIVE_COMPILATION_CONDITIONS = DEBUG;
				SWIFT_OPTIMIZATION_LEVEL = "-Onone";
			};
			name = Debug;
		};
		38A049BF2568FBFC00591FBB /* Release */ = {
			isa = XCBuildConfiguration;
			buildSettings = {
				ALWAYS_SEARCH_USER_PATHS = NO;
				CLANG_ANALYZER_NONNULL = YES;
				CLANG_ANALYZER_NUMBER_OBJECT_CONVERSION = YES_AGGRESSIVE;
				CLANG_CXX_LANGUAGE_STANDARD = "gnu++14";
				CLANG_CXX_LIBRARY = "libc++";
				CLANG_ENABLE_MODULES = YES;
				CLANG_ENABLE_OBJC_ARC = YES;
				CLANG_ENABLE_OBJC_WEAK = YES;
				CLANG_WARN_BLOCK_CAPTURE_AUTORELEASING = YES;
				CLANG_WARN_BOOL_CONVERSION = YES;
				CLANG_WARN_COMMA = YES;
				CLANG_WARN_CONSTANT_CONVERSION = YES;
				CLANG_WARN_DEPRECATED_OBJC_IMPLEMENTATIONS = YES;
				CLANG_WARN_DIRECT_OBJC_ISA_USAGE = YES_ERROR;
				CLANG_WARN_DOCUMENTATION_COMMENTS = YES;
				CLANG_WARN_EMPTY_BODY = YES;
				CLANG_WARN_ENUM_CONVERSION = YES;
				CLANG_WARN_INFINITE_RECURSION = YES;
				CLANG_WARN_INT_CONVERSION = YES;
				CLANG_WARN_NON_LITERAL_NULL_CONVERSION = YES;
				CLANG_WARN_OBJC_IMPLICIT_RETAIN_SELF = YES;
				CLANG_WARN_OBJC_LITERAL_CONVERSION = YES;
				CLANG_WARN_OBJC_ROOT_CLASS = YES_ERROR;
				CLANG_WARN_QUOTED_INCLUDE_IN_FRAMEWORK_HEADER = YES;
				CLANG_WARN_RANGE_LOOP_ANALYSIS = YES;
				CLANG_WARN_STRICT_PROTOTYPES = YES;
				CLANG_WARN_SUSPICIOUS_MOVE = YES;
				CLANG_WARN_UNGUARDED_AVAILABILITY = YES_AGGRESSIVE;
				CLANG_WARN_UNREACHABLE_CODE = YES;
				CLANG_WARN__DUPLICATE_METHOD_MATCH = YES;
				COPY_PHASE_STRIP = NO;
				DEBUG_INFORMATION_FORMAT = "dwarf-with-dsym";
				ENABLE_NS_ASSERTIONS = NO;
				ENABLE_STRICT_OBJC_MSGSEND = YES;
				GCC_C_LANGUAGE_STANDARD = gnu11;
				GCC_NO_COMMON_BLOCKS = YES;
				GCC_WARN_64_TO_32_BIT_CONVERSION = YES;
				GCC_WARN_ABOUT_RETURN_TYPE = YES_ERROR;
				GCC_WARN_UNDECLARED_SELECTOR = YES;
				GCC_WARN_UNINITIALIZED_AUTOS = YES_AGGRESSIVE;
				GCC_WARN_UNUSED_FUNCTION = YES;
				GCC_WARN_UNUSED_VARIABLE = YES;
				IPHONEOS_DEPLOYMENT_TARGET = 14.0;
				MTL_ENABLE_DEBUG_INFO = NO;
				MTL_FAST_MATH = YES;
				SDKROOT = iphoneos;
				SWIFT_COMPILATION_MODE = wholemodule;
				SWIFT_OPTIMIZATION_LEVEL = "-O";
				VALIDATE_PRODUCT = YES;
			};
			name = Release;
		};
		38A049C12568FBFC00591FBB /* Debug */ = {
			isa = XCBuildConfiguration;
			baseConfigurationReference = F8467E6F709DBB5F9EC846A2 /* Pods-Catstagram.debug.xcconfig */;
			buildSettings = {
				ASSETCATALOG_COMPILER_APPICON_NAME = AppIcon;
				ASSETCATALOG_COMPILER_GLOBAL_ACCENT_COLOR_NAME = AccentColor;
				CODE_SIGN_STYLE = Automatic;
				DEVELOPMENT_ASSET_PATHS = "\"Catstagram/Preview Content\"";
				DEVELOPMENT_TEAM = D6ZFFGJQCK;
				ENABLE_PREVIEWS = YES;
				INFOPLIST_FILE = Catstagram/Info.plist;
				LD_RUNPATH_SEARCH_PATHS = (
					"$(inherited)",
					"@executable_path/Frameworks",
				);
				PRODUCT_BUNDLE_IDENTIFIER = com.mila.Catstagram;
				PRODUCT_NAME = "$(TARGET_NAME)";
				SWIFT_VERSION = 5.0;
				TARGETED_DEVICE_FAMILY = "1,2";
			};
			name = Debug;
		};
		38A049C22568FBFC00591FBB /* Release */ = {
			isa = XCBuildConfiguration;
			baseConfigurationReference = 58A8E2154B147F10ECD7B737 /* Pods-Catstagram.release.xcconfig */;
			buildSettings = {
				ASSETCATALOG_COMPILER_APPICON_NAME = AppIcon;
				ASSETCATALOG_COMPILER_GLOBAL_ACCENT_COLOR_NAME = AccentColor;
				CODE_SIGN_STYLE = Automatic;
				DEVELOPMENT_ASSET_PATHS = "\"Catstagram/Preview Content\"";
				DEVELOPMENT_TEAM = D6ZFFGJQCK;
				ENABLE_PREVIEWS = YES;
				INFOPLIST_FILE = Catstagram/Info.plist;
				LD_RUNPATH_SEARCH_PATHS = (
					"$(inherited)",
					"@executable_path/Frameworks",
				);
				PRODUCT_BUNDLE_IDENTIFIER = com.mila.Catstagram;
				PRODUCT_NAME = "$(TARGET_NAME)";
				SWIFT_VERSION = 5.0;
				TARGETED_DEVICE_FAMILY = "1,2";
			};
			name = Release;
		};
/* End XCBuildConfiguration section */

/* Begin XCConfigurationList section */
		38A049A72568FBFB00591FBB /* Build configuration list for PBXProject "Catstagram" */ = {
			isa = XCConfigurationList;
			buildConfigurations = (
				38A049BE2568FBFC00591FBB /* Debug */,
				38A049BF2568FBFC00591FBB /* Release */,
			);
			defaultConfigurationIsVisible = 0;
			defaultConfigurationName = Release;
		};
		38A049C02568FBFC00591FBB /* Build configuration list for PBXNativeTarget "Catstagram" */ = {
			isa = XCConfigurationList;
			buildConfigurations = (
				38A049C12568FBFC00591FBB /* Debug */,
				38A049C22568FBFC00591FBB /* Release */,
			);
			defaultConfigurationIsVisible = 0;
			defaultConfigurationName = Release;
		};
/* End XCConfigurationList section */
	};
	rootObject = 38A049A42568FBFB00591FBB /* Project object */;
}
